
Microsoft Visual Studio Solution File, Format Version 12.00
# Visual Studio Version 17
VisualStudioVersion = 17.4.33213.308
MinimumVisualStudioVersion = 10.0.40219.1
Project("{FAE04EC0-301F-11D3-BF4B-00C04F79EFBC}") = "amazonUploader", "amazonUploader\amazonUploader.csproj", "{07FE381F-8F0F-4245-A9E4-1F863DF99F88}"
EndProject
Global
	GlobalSection(SolutionConfigurationPlatforms) = preSolution
		Debug|Any CPU = Debug|Any CPU
		Release|Any CPU = Release|Any CPU
	EndGlobalSection
	GlobalSection(ProjectConfigurationPlatforms) = postSolution
		{07FE381F-8F0F-4245-A9E4-1F863DF99F88}.Debug|Any CPU.ActiveCfg = Debug|Any CPU
		{07FE381F-8F0F-4245-A9E4-1F863DF99F88}.Debug|Any CPU.Build.0 = Debug|Any CPU
		{07FE381F-8F0F-4245-A9E4-1F863DF99F88}.Release|Any CPU.ActiveCfg = Release|Any CPU
		{07FE381F-8F0F-4245-A9E4-1F863DF99F88}.Release|Any CPU.Build.0 = Release|Any CPU
	EndGlobalSection
	GlobalSection(SolutionProperties) = preSolution
		HideSolutionNode = FALSE
	EndGlobalSection
	GlobalSection(ExtensibilityGlobals) = postSolution
		SolutionGuid = {D0179374-F1EA-4DF3-B032-F28C4596EE87}
	EndGlobalSection
EndGlobal
